
Microsoft Visual Studio Solution File, Format Version 12.00
# Visual Studio Version 17
VisualStudioVersion = 17.8.34316.72
MinimumVisualStudioVersion = 10.0.40219.1
Project("{FAE04EC0-301F-11D3-BF4B-00C04F79EFBC}") = "ThemeChange", "ThemeChange\ThemeChange.csproj", "{6047CDD0-1FE4-4E23-B0C5-8692BDBAC22F}"
EndProject
Global
	GlobalSection(SolutionConfigurationPlatforms) = preSolution
		Debug|Any CPU = Debug|Any CPU
		Release|Any CPU = Release|Any CPU
	EndGlobalSection
	GlobalSection(ProjectConfigurationPlatforms) = postSolution
		{6047CDD0-1FE4-4E23-B0C5-8692BDBAC22F}.Debug|Any CPU.ActiveCfg = Debug|Any CPU
		{6047CDD0-1FE4-4E23-B0C5-8692BDBAC22F}.Debug|Any CPU.Build.0 = Debug|Any CPU
		{6047CDD0-1FE4-4E23-B0C5-8692BDBAC22F}.Release|Any CPU.ActiveCfg = Release|Any CPU
		{6047CDD0-1FE4-4E23-B0C5-8692BDBAC22F}.Release|Any CPU.Build.0 = Release|Any CPU
	EndGlobalSection
	GlobalSection(SolutionProperties) = preSolution
		HideSolutionNode = FALSE
	EndGlobalSection
	GlobalSection(ExtensibilityGlobals) = postSolution
		SolutionGuid = {F0F833F1-F376-4ED7-B5A0-A034B0A8AF36}
	EndGlobalSection
EndGlobal
